{
  "version": 4,
  "terraform_version": "0.13.5",
  "serial": 82,
  "lineage": "f131a5b3-b149-8843-b5d5-e32fa64d0d35",
  "outputs": {
    "ec2_public_ip": {
      "value": "54.154.101.168",
      "type": "string"
    }
  },
  "resources": [
    {
      "module": "module.ec2_mod",
      "mode": "managed",
      "type": "aws_instance",
      "name": "project_vm",
      "provider": "module.ec2_mod.provider[\"registry.terraform.io/hashicorp/aws\"]",
      "instances": [
        {
          "schema_version": 1,
          "attributes": {
            "ami": "ami-0dc8d444ee2a42d8a",
            "arn": "arn:aws:ec2:eu-west-1:874021699381:instance/i-0cd112ea2b607c38d",
            "associate_public_ip_address": true,
            "availability_zone": "eu-west-1b",
            "cpu_core_count": 1,
            "cpu_threads_per_core": 1,
            "credit_specification": [
              {
                "cpu_credits": "standard"
              }
            ],
            "disable_api_termination": false,
            "ebs_block_device": [],
            "ebs_optimized": false,
            "ephemeral_block_device": [],
            "get_password_data": false,
            "hibernation": false,
            "host_id": null,
            "iam_instance_profile": "",
            "id": "i-0cd112ea2b607c38d",
            "instance_initiated_shutdown_behavior": null,
            "instance_state": "running",
            "instance_type": "t2.micro",
            "ipv6_address_count": 0,
            "ipv6_addresses": [],
            "key_name": "project-key",
            "metadata_options": [
              {
                "http_endpoint": "enabled",
                "http_put_response_hop_limit": 1,
                "http_tokens": "optional"
              }
            ],
            "monitoring": false,
            "network_interface": [],
            "outpost_arn": "",
            "password_data": "",
            "placement_group": "",
            "primary_network_interface_id": "eni-04d928764bbb26461",
            "private_dns": "ip-10-0-6-158.eu-west-1.compute.internal",
            "private_ip": "10.0.6.158",
            "public_dns": "",
            "public_ip": "54.154.101.168",
            "root_block_device": [
              {
                "delete_on_termination": true,
                "device_name": "/dev/sda1",
                "encrypted": false,
                "iops": 100,
                "kms_key_id": "",
                "volume_id": "vol-045c2266addd3618b",
                "volume_size": 8,
                "volume_type": "gp2"
              }
            ],
            "secondary_private_ips": [],
            "security_groups": [],
            "source_dest_check": true,
            "subnet_id": "subnet-05420528318175a87",
            "tags": {},
            "tenancy": "default",
            "timeouts": null,
            "user_data": null,
            "user_data_base64": null,
            "volume_tags": {},
            "vpc_security_group_ids": [
              "sg-00034a43f6b3bf584"
            ]
          },
          "private": "eyJlMmJmYjczMC1lY2FhLTExZTYtOGY4OC0zNDM2M2JjN2M0YzAiOnsiY3JlYXRlIjo2MDAwMDAwMDAwMDAsImRlbGV0ZSI6MTIwMDAwMDAwMDAwMCwidXBkYXRlIjo2MDAwMDAwMDAwMDB9LCJzY2hlbWFfdmVyc2lvbiI6IjEifQ==",
          "dependencies": [
            "module.ec2_mod.aws_key_pair.key_pair",
            "module.vpc_mod.aws_security_group.instance_sg",
            "module.vpc_mod.aws_subnet.public_subnet",
            "module.vpc_mod.aws_vpc.main_vpc"
          ]
        }
      ]
    },
    {
      "module": "module.ec2_mod",
      "mode": "managed",
      "type": "aws_key_pair",
      "name": "key_pair",
      "provider": "module.ec2_mod.provider[\"registry.terraform.io/hashicorp/aws\"]",
      "instances": [
        {
          "schema_version": 1,
          "attributes": {
            "arn": "arn:aws:ec2:eu-west-1:874021699381:key-pair/project-key",
            "fingerprint": "b2:80:20:7d:fb:cb:83:c3:07:32:ac:f3:ec:32:04:de",
            "id": "project-key",
            "key_name": "project-key",
            "key_name_prefix": null,
            "key_pair_id": "key-0a3fde1a3375c9dc1",
            "public_key": "ssh-rsa AAAAB3NzaC1yc2EAAAADAQABAAABAQDPvfDVuKFg0+/YCkcjLRK1D1REHAH/JIN2FEP86jzgqV91RiiQ++rQVC4W1AkzVj+o2s8q4lQelYLWH1sE6DVZpZoaOZKRzWTwM9B3tSDE5EVytEOI9SvAg5weSvJor0fv41lMg6T2gjImGzB5Xg/8t1Fb7A2XwzD0zV8h82LL1VigRXq+d/DpfevjLd8blLMOL8FapyFEwrlRmnb+SjKyoN5CoRCx97mRRlEiRoourqQkMYe3u7x6oIkibb4EBx5TK5kXLe8y9doz6yuQizDj3hVQTG/A5SbcFlyyRMKeaHBjEDY2TeQDqSb4TXBDZ2b775yODEeIg454jJrangvX ubuntu@ip-172-31-40-88",
            "tags": {}
          },
          "private": "eyJzY2hlbWFfdmVyc2lvbiI6IjEifQ=="
        }
      ]
    },
    {
      "module": "module.eks_mod",
      "mode": "managed",
      "type": "aws_eks_cluster",
      "name": "k8s_cluster",
      "provider": "provider[\"registry.terraform.io/hashicorp/aws\"]",
      "instances": [
        {
          "schema_version": 0,
          "attributes": {
            "arn": "arn:aws:eks:eu-west-1:874021699381:cluster/eks_cluster",
            "certificate_authority": [
              {
                "data": "LS0tLS1CRUdJTiBDRVJUSUZJQ0FURS0tLS0tCk1JSUN5RENDQWJDZ0F3SUJBZ0lCQURBTkJna3Foa2lHOXcwQkFRc0ZBREFWTVJNd0VRWURWUVFERXdwcmRXSmwKY201bGRHVnpNQjRYRFRJd01URXlNakUwTVRJeU1Gb1hEVE13TVRFeU1ERTBNVEl5TUZvd0ZURVRNQkVHQTFVRQpBeE1LYTNWaVpYSnVaWFJsY3pDQ0FTSXdEUVlKS29aSWh2Y05BUUVCQlFBRGdnRVBBRENDQVFvQ2dnRUJBTXl0CktQZ1pJMU9QcENCNy96VzFqTG1CQ3ZxWXEwK3ZNOW9FSWh0TG5XQllvOUZuSkdSM3NRR3BHMWhmMmQ0WWlzck4KNkM0L0ZGeXczNFBOR25oUWxSYWxUVTdGbjBHMVQwTU9jN3o2S1VLNmFrUWx0ZU5iOXpmVkJpM1NFaGJYOU13ZgpRN21Dc1JpMU9PVFVoYWNNbXVhTGVNODA3em14NkVmZTBrTFhoWU9mLzk4YmMrVVpEaG8xZ0gwR0RVRWRmdHV0CnBuaFQ3M3FKQktuaEk1dkNDZm1JRGxsd29vVTd2MWJUeERLOTM1clNrYjYxbmQvd1JUYlBpeDN2dGZUc3pncUEKeEYwZ0toOUNOSk03R1d2L0lxTVZudjM4Q0I4SHg1cUFDc2h1TmVSUXNyRGNub000L1NkTy92cW04azZwUEw2Uwo0b0dBajBOR21STTlmYng1R2FVQ0F3RUFBYU1qTUNFd0RnWURWUjBQQVFIL0JBUURBZ0trTUE4R0ExVWRFd0VCCi93UUZNQU1CQWY4d0RRWUpLb1pJaHZjTkFRRUxCUUFEZ2dFQkFMNGs3OWozZGk2bWFTejNOZUU5Sm9WVHlOSkEKWWROYkNxL0hJWUhMV2ZiMGNucDJ3MUtFUGw3SHNERnAzbGFOVlRjQXJSb0laRkh0TDk4VGxnVnZrNkNyYjBaSgowempwQUI2K05ZNFZDczBPdGFPTkVoWExwbWFjQ0kzaDNNeUNVQXU0RkNWRmpYQ3NHL0c0azlzZ3lveW1JM3dvClRjSlQ3UCtvc3dpRUtjTGtHamtMVi9MQmE3MmRwaGg0SXV5TE9EUFh2cEwxNzZtVm11YmhGbTl3emM3WFVnZ0gKMjVjS1ZVWnlyb3ZHZWlRQUIydEZwN0QyUENFVUtUVUFtekVudExTVnJnREQ0ZGdqc2JRU0pVbHFuSFRrUlZBSwpYdXVOZkNVQkJTNU5EaVQrRGQzS1I5TTVCeDNQekNmcmhaVlAzNGIxa2V4L0lnd0NCWld6YmxVM2hndz0KLS0tLS1FTkQgQ0VSVElGSUNBVEUtLS0tLQo="
              }
            ],
            "created_at": "2020-11-22 14:02:36.339 +0000 UTC",
            "enabled_cluster_log_types": [],
            "encryption_config": [],
            "endpoint": "https://ECE437E1727A81E62605B3BDA29B093B.gr7.eu-west-1.eks.amazonaws.com",
            "id": "eks_cluster",
            "identity": [
              {
                "oidc": [
                  {
                    "issuer": "https://oidc.eks.eu-west-1.amazonaws.com/id/ECE437E1727A81E62605B3BDA29B093B"
                  }
                ]
              }
            ],
            "name": "eks_cluster",
            "platform_version": "eks.4",
            "role_arn": "arn:aws:iam::874021699381:role/eks-cluster-role",
            "status": "ACTIVE",
            "tags": {},
            "timeouts": null,
            "version": "1.17",
            "vpc_config": [
              {
                "cluster_security_group_id": "sg-027aa3cb5aef1d729",
                "endpoint_private_access": false,
                "endpoint_public_access": true,
                "public_access_cidrs": [
                  "0.0.0.0/0"
                ],
                "security_group_ids": [
                  "sg-00034a43f6b3bf584"
                ],
                "subnet_ids": [
                  "subnet-008ad48858577bbbf",
                  "subnet-05420528318175a87"
                ],
                "vpc_id": "vpc-03b0cff6e525479f6"
              }
            ]
          },
          "private": "eyJlMmJmYjczMC1lY2FhLTExZTYtOGY4OC0zNDM2M2JjN2M0YzAiOnsiY3JlYXRlIjoxODAwMDAwMDAwMDAwLCJkZWxldGUiOjkwMDAwMDAwMDAwMCwidXBkYXRlIjozNjAwMDAwMDAwMDAwfX0=",
          "dependencies": [
            "module.vpc_mod.aws_security_group.instance_sg",
            "module.vpc_mod.aws_subnet.private_subnet",
            "module.vpc_mod.aws_subnet.public_subnet",
            "module.vpc_mod.aws_vpc.main_vpc"
          ]
        }
      ]
    },
    {
      "module": "module.eks_mod",
      "mode": "managed",
      "type": "aws_eks_node_group",
      "name": "eks_node_group",
      "provider": "provider[\"registry.terraform.io/hashicorp/aws\"]",
      "instances": [
        {
          "status": "tainted",
          "schema_version": 0,
          "attributes": {
            "ami_type": "AL2_x86_64",
            "arn": null,
            "cluster_name": "eks_cluster",
            "disk_size": null,
            "force_update_version": null,
            "id": "eks_cluster:eks_node_group",
            "instance_types": [
              "t3.small"
            ],
            "labels": null,
            "launch_template": [],
            "node_group_name": "eks_node_group",
            "node_role_arn": "arn:aws:iam::874021699381:role/eks-node-group",
            "release_version": null,
            "remote_access": [],
            "resources": null,
            "scaling_config": [
              {
                "desired_size": 2,
                "max_size": 2,
                "min_size": 2
              }
            ],
            "status": null,
            "subnet_ids": [
              "subnet-008ad48858577bbbf",
              "subnet-05420528318175a87"
            ],
            "tags": null,
            "timeouts": null,
            "version": null
          },
          "private": "eyJlMmJmYjczMC1lY2FhLTExZTYtOGY4OC0zNDM2M2JjN2M0YzAiOnsiY3JlYXRlIjozNjAwMDAwMDAwMDAwLCJkZWxldGUiOjM2MDAwMDAwMDAwMDAsInVwZGF0ZSI6MzYwMDAwMDAwMDAwMH19",
          "dependencies": [
            "module.eks_mod.aws_eks_cluster.k8s_cluster",
            "module.vpc_mod.aws_subnet.private_subnet",
            "module.vpc_mod.aws_subnet.public_subnet",
            "module.vpc_mod.aws_vpc.main_vpc"
          ]
        }
      ]
    },
    {
      "module": "module.rds_mod",
      "mode": "managed",
      "type": "aws_db_instance",
      "name": "main_db",
      "provider": "module.rds_mod.provider[\"registry.terraform.io/hashicorp/aws\"]",
      "instances": [
        {
          "schema_version": 1,
          "attributes": {
            "address": "main-db.cpe0zmxz843f.eu-west-1.rds.amazonaws.com",
            "allocated_storage": 20,
            "allow_major_version_upgrade": null,
            "apply_immediately": null,
            "arn": "arn:aws:rds:eu-west-1:874021699381:db:main-db",
            "auto_minor_version_upgrade": true,
            "availability_zone": "eu-west-1a",
            "backup_retention_period": 0,
            "backup_window": "00:33-01:03",
            "ca_cert_identifier": "rds-ca-2019",
            "character_set_name": null,
            "copy_tags_to_snapshot": false,
            "db_subnet_group_name": "rds_subnet_group",
            "delete_automated_backups": true,
            "deletion_protection": false,
            "domain": "",
            "domain_iam_role_name": "",
            "enabled_cloudwatch_logs_exports": [],
            "endpoint": "main-db.cpe0zmxz843f.eu-west-1.rds.amazonaws.com:3306",
            "engine": "mysql",
            "engine_version": "5.7.26",
            "final_snapshot_identifier": null,
            "hosted_zone_id": "Z29XKXDKYMONMX",
            "iam_database_authentication_enabled": false,
            "id": "main-db",
            "identifier": "main-db",
            "identifier_prefix": null,
            "instance_class": "db.t2.micro",
            "iops": 0,
            "kms_key_id": "",
            "latest_restorable_time": "0001-01-01T00:00:00Z",
            "license_model": "general-public-license",
            "maintenance_window": "mon:23:25-mon:23:55",
            "max_allocated_storage": 0,
            "monitoring_interval": 0,
            "monitoring_role_arn": "",
            "multi_az": false,
            "name": "main_db",
            "option_group_name": "default:mysql-5-7",
            "parameter_group_name": "default.mysql5.7",
            "password": "password123",
            "performance_insights_enabled": false,
            "performance_insights_kms_key_id": "",
            "performance_insights_retention_period": 0,
            "port": 3306,
            "publicly_accessible": false,
            "replicas": [],
            "replicate_source_db": "",
            "resource_id": "db-ZXK3JX5ZFZXCQICWBU36HBI7QA",
            "restore_to_point_in_time": [],
            "s3_import": [],
            "security_group_names": [],
            "skip_final_snapshot": true,
            "snapshot_identifier": null,
            "status": "available",
            "storage_encrypted": false,
            "storage_type": "gp2",
            "tags": {},
            "timeouts": null,
            "timezone": "",
            "username": "root",
            "vpc_security_group_ids": [
              "sg-012423a981a58096e"
            ]
          },
          "private": "eyJlMmJmYjczMC1lY2FhLTExZTYtOGY4OC0zNDM2M2JjN2M0YzAiOnsiY3JlYXRlIjoyNDAwMDAwMDAwMDAwLCJkZWxldGUiOjM2MDAwMDAwMDAwMDAsInVwZGF0ZSI6NDgwMDAwMDAwMDAwMH0sInNjaGVtYV92ZXJzaW9uIjoiMSJ9",
          "dependencies": [
            "module.rds_mod.aws_db_subnet_group.rds_subnet_group",
            "module.vpc_mod.aws_subnet.private_subnet",
            "module.vpc_mod.aws_subnet.public_subnet",
            "module.vpc_mod.aws_vpc.main_vpc"
          ]
        }
      ]
    },
    {
      "module": "module.rds_mod",
      "mode": "managed",
      "type": "aws_db_instance",
      "name": "test_db",
      "provider": "module.rds_mod.provider[\"registry.terraform.io/hashicorp/aws\"]",
      "instances": [
        {
          "schema_version": 1,
          "attributes": {
            "address": "test-db.cpe0zmxz843f.eu-west-1.rds.amazonaws.com",
            "allocated_storage": 20,
            "allow_major_version_upgrade": null,
            "apply_immediately": null,
            "arn": "arn:aws:rds:eu-west-1:874021699381:db:test-db",
            "auto_minor_version_upgrade": true,
            "availability_zone": "eu-west-1a",
            "backup_retention_period": 0,
            "backup_window": "00:53-01:23",
            "ca_cert_identifier": "rds-ca-2019",
            "character_set_name": null,
            "copy_tags_to_snapshot": false,
            "db_subnet_group_name": "rds_subnet_group",
            "delete_automated_backups": true,
            "deletion_protection": false,
            "domain": "",
            "domain_iam_role_name": "",
            "enabled_cloudwatch_logs_exports": [],
            "endpoint": "test-db.cpe0zmxz843f.eu-west-1.rds.amazonaws.com:3306",
            "engine": "mysql",
            "engine_version": "5.7.26",
            "final_snapshot_identifier": null,
            "hosted_zone_id": "Z29XKXDKYMONMX",
            "iam_database_authentication_enabled": false,
            "id": "test-db",
            "identifier": "test-db",
            "identifier_prefix": null,
            "instance_class": "db.t2.micro",
            "iops": 0,
            "kms_key_id": "",
            "latest_restorable_time": "0001-01-01T00:00:00Z",
            "license_model": "general-public-license",
            "maintenance_window": "tue:02:55-tue:03:25",
            "max_allocated_storage": 0,
            "monitoring_interval": 0,
            "monitoring_role_arn": "",
            "multi_az": false,
            "name": "test_db",
            "option_group_name": "default:mysql-5-7",
            "parameter_group_name": "default.mysql5.7",
            "password": "password123",
            "performance_insights_enabled": false,
            "performance_insights_kms_key_id": "",
            "performance_insights_retention_period": 0,
            "port": 3306,
            "publicly_accessible": false,
            "replicas": [],
            "replicate_source_db": "",
            "resource_id": "db-4QARZ4FCQIJGQJS3VRTXBEIFCU",
            "restore_to_point_in_time": [],
            "s3_import": [],
            "security_group_names": [],
            "skip_final_snapshot": true,
            "snapshot_identifier": null,
            "status": "available",
            "storage_encrypted": false,
            "storage_type": "gp2",
            "tags": {},
            "timeouts": null,
            "timezone": "",
            "username": "root",
            "vpc_security_group_ids": [
              "sg-012423a981a58096e"
            ]
          },
          "private": "eyJlMmJmYjczMC1lY2FhLTExZTYtOGY4OC0zNDM2M2JjN2M0YzAiOnsiY3JlYXRlIjoyNDAwMDAwMDAwMDAwLCJkZWxldGUiOjM2MDAwMDAwMDAwMDAsInVwZGF0ZSI6NDgwMDAwMDAwMDAwMH0sInNjaGVtYV92ZXJzaW9uIjoiMSJ9",
          "dependencies": [
            "module.rds_mod.aws_db_subnet_group.rds_subnet_group",
            "module.vpc_mod.aws_subnet.private_subnet",
            "module.vpc_mod.aws_subnet.public_subnet",
            "module.vpc_mod.aws_vpc.main_vpc"
          ]
        }
      ]
    },
    {
      "module": "module.rds_mod",
      "mode": "managed",
      "type": "aws_db_subnet_group",
      "name": "rds_subnet_group",
      "provider": "module.rds_mod.provider[\"registry.terraform.io/hashicorp/aws\"]",
      "instances": [
        {
          "schema_version": 0,
          "attributes": {
            "arn": "arn:aws:rds:eu-west-1:874021699381:subgrp:rds_subnet_group",
            "description": "Managed by Terraform",
            "id": "rds_subnet_group",
            "name": "rds_subnet_group",
            "name_prefix": null,
            "subnet_ids": [
              "subnet-008ad48858577bbbf",
              "subnet-05420528318175a87"
            ],
            "tags": {}
          },
          "private": "bnVsbA==",
          "dependencies": [
            "module.vpc_mod.aws_subnet.private_subnet",
            "module.vpc_mod.aws_subnet.public_subnet",
            "module.vpc_mod.aws_vpc.main_vpc"
          ]
        }
      ]
    },
    {
      "module": "module.vpc_mod",
      "mode": "managed",
      "type": "aws_internet_gateway",
      "name": "igw",
      "provider": "module.vpc_mod.provider[\"registry.terraform.io/hashicorp/aws\"]",
      "instances": [
        {
          "schema_version": 0,
          "attributes": {
            "arn": "arn:aws:ec2:eu-west-1:874021699381:internet-gateway/igw-05fd2c7aa098d2038",
            "id": "igw-05fd2c7aa098d2038",
            "owner_id": "874021699381",
            "tags": {},
            "vpc_id": "vpc-03b0cff6e525479f6"
          },
          "private": "bnVsbA==",
          "dependencies": [
            "module.vpc_mod.aws_vpc.main_vpc"
          ]
        }
      ]
    },
    {
      "module": "module.vpc_mod",
      "mode": "managed",
      "type": "aws_route_table",
      "name": "route_table",
      "provider": "module.vpc_mod.provider[\"registry.terraform.io/hashicorp/aws\"]",
      "instances": [
        {
          "schema_version": 0,
          "attributes": {
            "id": "rtb-0d83667465aaa0d19",
            "owner_id": "874021699381",
            "propagating_vgws": [],
            "route": [
              {
                "cidr_block": "0.0.0.0/0",
                "egress_only_gateway_id": "",
                "gateway_id": "igw-05fd2c7aa098d2038",
                "instance_id": "",
                "ipv6_cidr_block": "",
                "local_gateway_id": "",
                "nat_gateway_id": "",
                "network_interface_id": "",
                "transit_gateway_id": "",
                "vpc_endpoint_id": "",
                "vpc_peering_connection_id": ""
              }
            ],
            "tags": {},
            "vpc_id": "vpc-03b0cff6e525479f6"
          },
          "private": "bnVsbA==",
          "dependencies": [
            "module.vpc_mod.aws_internet_gateway.igw",
            "module.vpc_mod.aws_vpc.main_vpc"
          ]
        }
      ]
    },
    {
      "module": "module.vpc_mod",
      "mode": "managed",
      "type": "aws_route_table_association",
      "name": "private_subnet_association",
      "provider": "module.vpc_mod.provider[\"registry.terraform.io/hashicorp/aws\"]",
      "instances": [
        {
          "schema_version": 0,
          "attributes": {
            "gateway_id": null,
            "id": "rtbassoc-0901b67ab703d4526",
            "route_table_id": "rtb-0d83667465aaa0d19",
            "subnet_id": "subnet-008ad48858577bbbf"
          },
          "private": "bnVsbA==",
          "dependencies": [
            "module.vpc_mod.aws_internet_gateway.igw",
            "module.vpc_mod.aws_route_table.route_table",
            "module.vpc_mod.aws_subnet.private_subnet",
            "module.vpc_mod.aws_vpc.main_vpc"
          ]
        }
      ]
    },
    {
      "module": "module.vpc_mod",
      "mode": "managed",
      "type": "aws_route_table_association",
      "name": "public_subnet_association",
      "provider": "module.vpc_mod.provider[\"registry.terraform.io/hashicorp/aws\"]",
      "instances": [
        {
          "schema_version": 0,
          "attributes": {
            "gateway_id": null,
            "id": "rtbassoc-0a737b12f9f56df9a",
            "route_table_id": "rtb-0d83667465aaa0d19",
            "subnet_id": "subnet-05420528318175a87"
          },
          "private": "bnVsbA==",
          "dependencies": [
            "module.vpc_mod.aws_internet_gateway.igw",
            "module.vpc_mod.aws_route_table.route_table",
            "module.vpc_mod.aws_subnet.public_subnet",
            "module.vpc_mod.aws_vpc.main_vpc"
          ]
        }
      ]
    },
    {
      "module": "module.vpc_mod",
      "mode": "managed",
      "type": "aws_security_group",
      "name": "instance_sg",
      "provider": "module.vpc_mod.provider[\"registry.terraform.io/hashicorp/aws\"]",
      "instances": [
        {
          "schema_version": 1,
          "attributes": {
            "arn": "arn:aws:ec2:eu-west-1:874021699381:security-group/sg-00034a43f6b3bf584",
            "description": "Managed by Terraform",
            "egress": [
              {
                "cidr_blocks": [
                  "0.0.0.0/0"
                ],
                "description": "",
                "from_port": 0,
                "ipv6_cidr_blocks": [],
                "prefix_list_ids": [],
                "protocol": "-1",
                "security_groups": [],
                "self": false,
                "to_port": 0
              }
            ],
            "id": "sg-00034a43f6b3bf584",
            "ingress": [
              {
                "cidr_blocks": [
                  "0.0.0.0/0"
                ],
                "description": "",
                "from_port": 22,
                "ipv6_cidr_blocks": [],
                "prefix_list_ids": [],
                "protocol": "tcp",
                "security_groups": [],
                "self": false,
                "to_port": 22
              },
              {
                "cidr_blocks": [
                  "0.0.0.0/0"
                ],
                "description": "",
                "from_port": 3306,
                "ipv6_cidr_blocks": [],
                "prefix_list_ids": [],
                "protocol": "tcp",
                "security_groups": [],
                "self": false,
                "to_port": 3306
              },
              {
                "cidr_blocks": [
                  "0.0.0.0/0"
                ],
                "description": "",
                "from_port": 8080,
                "ipv6_cidr_blocks": [],
                "prefix_list_ids": [],
                "protocol": "tcp",
                "security_groups": [],
                "self": false,
                "to_port": 8080
              },
              {
                "cidr_blocks": [
                  "0.0.0.0/0"
                ],
                "description": "",
                "from_port": 80,
                "ipv6_cidr_blocks": [],
                "prefix_list_ids": [],
                "protocol": "tcp",
                "security_groups": [],
                "self": false,
                "to_port": 80
              }
            ],
            "name": "sg",
            "name_prefix": "",
            "owner_id": "874021699381",
            "revoke_rules_on_delete": false,
            "tags": {},
            "timeouts": null,
            "vpc_id": "vpc-03b0cff6e525479f6"
          },
          "private": "eyJlMmJmYjczMC1lY2FhLTExZTYtOGY4OC0zNDM2M2JjN2M0YzAiOnsiY3JlYXRlIjo2MDAwMDAwMDAwMDAsImRlbGV0ZSI6NjAwMDAwMDAwMDAwfSwic2NoZW1hX3ZlcnNpb24iOiIxIn0=",
          "dependencies": [
            "module.vpc_mod.aws_vpc.main_vpc"
          ]
        }
      ]
    },
    {
      "module": "module.vpc_mod",
      "mode": "managed",
      "type": "aws_subnet",
      "name": "private_subnet",
      "provider": "module.vpc_mod.provider[\"registry.terraform.io/hashicorp/aws\"]",
      "instances": [
        {
          "schema_version": 1,
          "attributes": {
            "arn": "arn:aws:ec2:eu-west-1:874021699381:subnet/subnet-008ad48858577bbbf",
            "assign_ipv6_address_on_creation": false,
            "availability_zone": "eu-west-1a",
            "availability_zone_id": "euw1-az2",
            "cidr_block": "10.0.8.0/24",
            "id": "subnet-008ad48858577bbbf",
            "ipv6_cidr_block": "",
            "ipv6_cidr_block_association_id": "",
            "map_public_ip_on_launch": false,
            "outpost_arn": "",
            "owner_id": "874021699381",
            "tags": {
              "kubernetes.io/cluster/eks_cluster": "shared"
            },
            "timeouts": null,
            "vpc_id": "vpc-03b0cff6e525479f6"
          },
          "private": "eyJlMmJmYjczMC1lY2FhLTExZTYtOGY4OC0zNDM2M2JjN2M0YzAiOnsiY3JlYXRlIjo2MDAwMDAwMDAwMDAsImRlbGV0ZSI6MTIwMDAwMDAwMDAwMH0sInNjaGVtYV92ZXJzaW9uIjoiMSJ9",
          "dependencies": [
            "module.vpc_mod.aws_vpc.main_vpc"
          ]
        }
      ]
    },
    {
      "module": "module.vpc_mod",
      "mode": "managed",
      "type": "aws_subnet",
      "name": "public_subnet",
      "provider": "module.vpc_mod.provider[\"registry.terraform.io/hashicorp/aws\"]",
      "instances": [
        {
          "schema_version": 1,
          "attributes": {
            "arn": "arn:aws:ec2:eu-west-1:874021699381:subnet/subnet-05420528318175a87",
            "assign_ipv6_address_on_creation": false,
            "availability_zone": "eu-west-1b",
            "availability_zone_id": "euw1-az3",
            "cidr_block": "10.0.6.0/24",
            "id": "subnet-05420528318175a87",
            "ipv6_cidr_block": "",
            "ipv6_cidr_block_association_id": "",
            "map_public_ip_on_launch": false,
            "outpost_arn": "",
            "owner_id": "874021699381",
            "tags": {
              "kubernetes.io/cluster/eks_cluster": "shared"
            },
            "timeouts": null,
            "vpc_id": "vpc-03b0cff6e525479f6"
          },
          "private": "eyJlMmJmYjczMC1lY2FhLTExZTYtOGY4OC0zNDM2M2JjN2M0YzAiOnsiY3JlYXRlIjo2MDAwMDAwMDAwMDAsImRlbGV0ZSI6MTIwMDAwMDAwMDAwMH0sInNjaGVtYV92ZXJzaW9uIjoiMSJ9",
          "dependencies": [
            "module.vpc_mod.aws_vpc.main_vpc"
          ]
        }
      ]
    },
    {
      "module": "module.vpc_mod",
      "mode": "managed",
      "type": "aws_vpc",
      "name": "main_vpc",
      "provider": "module.vpc_mod.provider[\"registry.terraform.io/hashicorp/aws\"]",
      "instances": [
        {
          "schema_version": 1,
          "attributes": {
            "arn": "arn:aws:ec2:eu-west-1:874021699381:vpc/vpc-03b0cff6e525479f6",
            "assign_generated_ipv6_cidr_block": false,
            "cidr_block": "10.0.0.0/16",
            "default_network_acl_id": "acl-0d1b5f6f400b14425",
            "default_route_table_id": "rtb-013e74200c49011fe",
            "default_security_group_id": "sg-012423a981a58096e",
            "dhcp_options_id": "dopt-69bc870f",
            "enable_classiclink": false,
            "enable_classiclink_dns_support": false,
            "enable_dns_hostnames": false,
            "enable_dns_support": true,
            "id": "vpc-03b0cff6e525479f6",
            "instance_tenancy": "default",
            "ipv6_association_id": "",
            "ipv6_cidr_block": "",
            "main_route_table_id": "rtb-013e74200c49011fe",
            "owner_id": "874021699381",
            "tags": {}
          },
          "private": "eyJzY2hlbWFfdmVyc2lvbiI6IjEifQ=="
        }
      ]
    }
  ]
}
