{
  "version": 4,
  "terraform_version": "0.13.5",
  "serial": 589,
  "lineage": "1626c915-fdb8-d381-15d8-9f76634f1725",
  "outputs": {
    "ec2_public_ip": {
      "value": "3.251.82.197",
      "type": "string"
    }
  },
  "resources": [
    {
      "module": "module.ec2_mod",
      "mode": "managed",
      "type": "aws_instance",
      "name": "project_vm",
      "provider": "module.ec2_mod.provider[\"registry.terraform.io/hashicorp/aws\"]",
      "instances": [
        {
          "schema_version": 1,
          "attributes": {
            "ami": "ami-0dc8d444ee2a42d8a",
            "arn": "arn:aws:ec2:eu-west-1:874021699381:instance/i-0ffcf87b89124a1e8",
            "associate_public_ip_address": true,
            "availability_zone": "eu-west-1b",
            "cpu_core_count": 1,
            "cpu_threads_per_core": 1,
            "credit_specification": [
              {
                "cpu_credits": "standard"
              }
            ],
            "disable_api_termination": false,
            "ebs_block_device": [],
            "ebs_optimized": false,
            "ephemeral_block_device": [],
            "get_password_data": false,
            "hibernation": false,
            "host_id": null,
            "iam_instance_profile": "",
            "id": "i-0ffcf87b89124a1e8",
            "instance_initiated_shutdown_behavior": null,
            "instance_state": "running",
            "instance_type": "t2.micro",
            "ipv6_address_count": 0,
            "ipv6_addresses": [],
            "key_name": "project-key",
            "metadata_options": [
              {
                "http_endpoint": "enabled",
                "http_put_response_hop_limit": 1,
                "http_tokens": "optional"
              }
            ],
            "monitoring": false,
            "network_interface": [],
            "outpost_arn": "",
            "password_data": "",
            "placement_group": "",
            "primary_network_interface_id": "eni-0d0e7bba132da0d32",
            "private_dns": "ip-10-0-6-196.eu-west-1.compute.internal",
            "private_ip": "10.0.6.196",
            "public_dns": "",
            "public_ip": "3.251.82.197",
            "root_block_device": [
              {
                "delete_on_termination": true,
                "device_name": "/dev/sda1",
                "encrypted": false,
                "iops": 100,
                "kms_key_id": "",
                "volume_id": "vol-054c0fb5893ed3553",
                "volume_size": 8,
                "volume_type": "gp2"
              }
            ],
            "secondary_private_ips": [],
            "security_groups": [],
            "source_dest_check": true,
            "subnet_id": "subnet-0b29905e35dafa556",
            "tags": null,
            "tenancy": "default",
            "timeouts": null,
            "user_data": null,
            "user_data_base64": null,
            "volume_tags": {},
            "vpc_security_group_ids": [
              "sg-00a7d7fecde497d89"
            ]
          },
          "private": "eyJlMmJmYjczMC1lY2FhLTExZTYtOGY4OC0zNDM2M2JjN2M0YzAiOnsiY3JlYXRlIjo2MDAwMDAwMDAwMDAsImRlbGV0ZSI6MTIwMDAwMDAwMDAwMCwidXBkYXRlIjo2MDAwMDAwMDAwMDB9LCJzY2hlbWFfdmVyc2lvbiI6IjEifQ==",
          "dependencies": [
            "module.ec2_mod.aws_key_pair.key_pair",
            "module.vpc_mod.aws_security_group.instance_sg",
            "module.vpc_mod.aws_subnet.public_subnet",
            "module.vpc_mod.aws_vpc.main_vpc"
          ]
        }
      ]
    },
    {
      "module": "module.ec2_mod",
      "mode": "managed",
      "type": "aws_key_pair",
      "name": "key_pair",
      "provider": "module.ec2_mod.provider[\"registry.terraform.io/hashicorp/aws\"]",
      "instances": [
        {
          "schema_version": 1,
          "attributes": {
            "arn": "arn:aws:ec2:eu-west-1:874021699381:key-pair/project-key",
            "fingerprint": "b2:80:20:7d:fb:cb:83:c3:07:32:ac:f3:ec:32:04:de",
            "id": "project-key",
            "key_name": "project-key",
            "key_name_prefix": null,
            "key_pair_id": "key-0470dd830df06f90c",
            "public_key": "ssh-rsa AAAAB3NzaC1yc2EAAAADAQABAAABAQDPvfDVuKFg0+/YCkcjLRK1D1REHAH/JIN2FEP86jzgqV91RiiQ++rQVC4W1AkzVj+o2s8q4lQelYLWH1sE6DVZpZoaOZKRzWTwM9B3tSDE5EVytEOI9SvAg5weSvJor0fv41lMg6T2gjImGzB5Xg/8t1Fb7A2XwzD0zV8h82LL1VigRXq+d/DpfevjLd8blLMOL8FapyFEwrlRmnb+SjKyoN5CoRCx97mRRlEiRoourqQkMYe3u7x6oIkibb4EBx5TK5kXLe8y9doz6yuQizDj3hVQTG/A5SbcFlyyRMKeaHBjEDY2TeQDqSb4TXBDZ2b775yODEeIg454jJrangvX ubuntu@ip-172-31-40-88",
            "tags": null
          },
          "private": "eyJzY2hlbWFfdmVyc2lvbiI6IjEifQ=="
        }
      ]
    },
    {
      "module": "module.rds_mod",
      "mode": "managed",
      "type": "aws_db_instance",
      "name": "main_db",
      "provider": "module.rds_mod.provider[\"registry.terraform.io/hashicorp/aws\"]",
      "instances": [
        {
          "schema_version": 1,
          "attributes": {
            "address": "terraform-20201121223406553400000002.cpe0zmxz843f.eu-west-1.rds.amazonaws.com",
            "allocated_storage": 20,
            "allow_major_version_upgrade": null,
            "apply_immediately": null,
            "arn": "arn:aws:rds:eu-west-1:874021699381:db:terraform-20201121223406553400000002",
            "auto_minor_version_upgrade": true,
            "availability_zone": "eu-west-1a",
            "backup_retention_period": 0,
            "backup_window": "22:15-22:45",
            "ca_cert_identifier": "rds-ca-2019",
            "character_set_name": null,
            "copy_tags_to_snapshot": false,
            "db_subnet_group_name": "rds_subnet_group",
            "delete_automated_backups": true,
            "deletion_protection": false,
            "domain": "",
            "domain_iam_role_name": "",
            "enabled_cloudwatch_logs_exports": null,
            "endpoint": "terraform-20201121223406553400000002.cpe0zmxz843f.eu-west-1.rds.amazonaws.com:3306",
            "engine": "mysql",
            "engine_version": "5.7.26",
            "final_snapshot_identifier": null,
            "hosted_zone_id": "Z29XKXDKYMONMX",
            "iam_database_authentication_enabled": false,
            "id": "terraform-20201121223406553400000002",
            "identifier": "terraform-20201121223406553400000002",
            "identifier_prefix": null,
            "instance_class": "db.t2.micro",
            "iops": 0,
            "kms_key_id": "",
            "latest_restorable_time": "0001-01-01T00:00:00Z",
            "license_model": "general-public-license",
            "maintenance_window": "sun:03:31-sun:04:01",
            "max_allocated_storage": 0,
            "monitoring_interval": 0,
            "monitoring_role_arn": "",
            "multi_az": false,
            "name": "main_db",
            "option_group_name": "default:mysql-5-7",
            "parameter_group_name": "default.mysql5.7",
            "password": "password123",
            "performance_insights_enabled": false,
            "performance_insights_kms_key_id": "",
            "performance_insights_retention_period": 0,
            "port": 3306,
            "publicly_accessible": false,
            "replicas": [],
            "replicate_source_db": "",
            "resource_id": "db-YISQ2H7MWNXFOYV2BJCLUKR5XE",
            "restore_to_point_in_time": [],
            "s3_import": [],
            "security_group_names": null,
            "skip_final_snapshot": true,
            "snapshot_identifier": null,
            "status": "available",
            "storage_encrypted": false,
            "storage_type": "gp2",
            "tags": null,
            "timeouts": null,
            "timezone": "",
            "username": "root",
            "vpc_security_group_ids": [
              "sg-0a315a41eed70e694"
            ]
          },
          "private": "eyJlMmJmYjczMC1lY2FhLTExZTYtOGY4OC0zNDM2M2JjN2M0YzAiOnsiY3JlYXRlIjoyNDAwMDAwMDAwMDAwLCJkZWxldGUiOjM2MDAwMDAwMDAwMDAsInVwZGF0ZSI6NDgwMDAwMDAwMDAwMH0sInNjaGVtYV92ZXJzaW9uIjoiMSJ9",
          "dependencies": [
            "module.rds_mod.aws_db_subnet_group.rds_subnet_group",
            "module.vpc_mod.aws_subnet.private_subnet",
            "module.vpc_mod.aws_subnet.public_subnet",
            "module.vpc_mod.aws_vpc.main_vpc"
          ]
        }
      ]
    },
    {
      "module": "module.rds_mod",
      "mode": "managed",
      "type": "aws_db_instance",
      "name": "test_db",
      "provider": "module.rds_mod.provider[\"registry.terraform.io/hashicorp/aws\"]",
      "instances": [
        {
          "schema_version": 1,
          "attributes": {
            "address": "terraform-20201121223406548800000001.cpe0zmxz843f.eu-west-1.rds.amazonaws.com",
            "allocated_storage": 20,
            "allow_major_version_upgrade": null,
            "apply_immediately": null,
            "arn": "arn:aws:rds:eu-west-1:874021699381:db:terraform-20201121223406548800000001",
            "auto_minor_version_upgrade": true,
            "availability_zone": "eu-west-1a",
            "backup_retention_period": 0,
            "backup_window": "22:17-22:47",
            "ca_cert_identifier": "rds-ca-2019",
            "character_set_name": null,
            "copy_tags_to_snapshot": false,
            "db_subnet_group_name": "rds_subnet_group",
            "delete_automated_backups": true,
            "deletion_protection": false,
            "domain": "",
            "domain_iam_role_name": "",
            "enabled_cloudwatch_logs_exports": null,
            "endpoint": "terraform-20201121223406548800000001.cpe0zmxz843f.eu-west-1.rds.amazonaws.com:3306",
            "engine": "mysql",
            "engine_version": "5.7.26",
            "final_snapshot_identifier": null,
            "hosted_zone_id": "Z29XKXDKYMONMX",
            "iam_database_authentication_enabled": false,
            "id": "terraform-20201121223406548800000001",
            "identifier": "terraform-20201121223406548800000001",
            "identifier_prefix": null,
            "instance_class": "db.t2.micro",
            "iops": 0,
            "kms_key_id": "",
            "latest_restorable_time": "0001-01-01T00:00:00Z",
            "license_model": "general-public-license",
            "maintenance_window": "tue:04:39-tue:05:09",
            "max_allocated_storage": 0,
            "monitoring_interval": 0,
            "monitoring_role_arn": "",
            "multi_az": false,
            "name": "test_db",
            "option_group_name": "default:mysql-5-7",
            "parameter_group_name": "default.mysql5.7",
            "password": "password123",
            "performance_insights_enabled": false,
            "performance_insights_kms_key_id": "",
            "performance_insights_retention_period": 0,
            "port": 3306,
            "publicly_accessible": false,
            "replicas": [],
            "replicate_source_db": "",
            "resource_id": "db-MILZSDLDWML6IHWDKK5TH7MGB4",
            "restore_to_point_in_time": [],
            "s3_import": [],
            "security_group_names": null,
            "skip_final_snapshot": true,
            "snapshot_identifier": null,
            "status": "available",
            "storage_encrypted": false,
            "storage_type": "gp2",
            "tags": null,
            "timeouts": null,
            "timezone": "",
            "username": "root",
            "vpc_security_group_ids": [
              "sg-0a315a41eed70e694"
            ]
          },
          "private": "eyJlMmJmYjczMC1lY2FhLTExZTYtOGY4OC0zNDM2M2JjN2M0YzAiOnsiY3JlYXRlIjoyNDAwMDAwMDAwMDAwLCJkZWxldGUiOjM2MDAwMDAwMDAwMDAsInVwZGF0ZSI6NDgwMDAwMDAwMDAwMH0sInNjaGVtYV92ZXJzaW9uIjoiMSJ9",
          "dependencies": [
            "module.rds_mod.aws_db_subnet_group.rds_subnet_group",
            "module.vpc_mod.aws_subnet.private_subnet",
            "module.vpc_mod.aws_subnet.public_subnet",
            "module.vpc_mod.aws_vpc.main_vpc"
          ]
        }
      ]
    },
    {
      "module": "module.rds_mod",
      "mode": "managed",
      "type": "aws_db_subnet_group",
      "name": "rds_subnet_group",
      "provider": "module.rds_mod.provider[\"registry.terraform.io/hashicorp/aws\"]",
      "instances": [
        {
          "schema_version": 0,
          "attributes": {
            "arn": "arn:aws:rds:eu-west-1:874021699381:subgrp:rds_subnet_group",
            "description": "Managed by Terraform",
            "id": "rds_subnet_group",
            "name": "rds_subnet_group",
            "name_prefix": null,
            "subnet_ids": [
              "subnet-0b29905e35dafa556",
              "subnet-0e616e6c981588977"
            ],
            "tags": null
          },
          "private": "bnVsbA==",
          "dependencies": [
            "module.vpc_mod.aws_subnet.private_subnet",
            "module.vpc_mod.aws_subnet.public_subnet",
            "module.vpc_mod.aws_vpc.main_vpc"
          ]
        }
      ]
    },
    {
      "module": "module.vpc_mod",
      "mode": "managed",
      "type": "aws_internet_gateway",
      "name": "igw",
      "provider": "module.vpc_mod.provider[\"registry.terraform.io/hashicorp/aws\"]",
      "instances": [
        {
          "schema_version": 0,
          "attributes": {
            "arn": "arn:aws:ec2:eu-west-1:874021699381:internet-gateway/igw-06162bb708dad8ed4",
            "id": "igw-06162bb708dad8ed4",
            "owner_id": "874021699381",
            "tags": null,
            "vpc_id": "vpc-004a7f9050320cb18"
          },
          "private": "bnVsbA==",
          "dependencies": [
            "module.vpc_mod.aws_vpc.main_vpc"
          ]
        }
      ]
    },
    {
      "module": "module.vpc_mod",
      "mode": "managed",
      "type": "aws_route_table",
      "name": "route_table",
      "provider": "module.vpc_mod.provider[\"registry.terraform.io/hashicorp/aws\"]",
      "instances": [
        {
          "schema_version": 0,
          "attributes": {
            "id": "rtb-09c7e7acc9d84fa63",
            "owner_id": "874021699381",
            "propagating_vgws": [],
            "route": [
              {
                "cidr_block": "0.0.0.0/0",
                "egress_only_gateway_id": "",
                "gateway_id": "igw-06162bb708dad8ed4",
                "instance_id": "",
                "ipv6_cidr_block": "",
                "local_gateway_id": "",
                "nat_gateway_id": "",
                "network_interface_id": "",
                "transit_gateway_id": "",
                "vpc_endpoint_id": "",
                "vpc_peering_connection_id": ""
              }
            ],
            "tags": null,
            "vpc_id": "vpc-004a7f9050320cb18"
          },
          "private": "bnVsbA==",
          "dependencies": [
            "module.vpc_mod.aws_internet_gateway.igw",
            "module.vpc_mod.aws_vpc.main_vpc"
          ]
        }
      ]
    },
    {
      "module": "module.vpc_mod",
      "mode": "managed",
      "type": "aws_route_table_association",
      "name": "private_subnet_association",
      "provider": "module.vpc_mod.provider[\"registry.terraform.io/hashicorp/aws\"]",
      "instances": [
        {
          "schema_version": 0,
          "attributes": {
            "gateway_id": null,
            "id": "rtbassoc-0c1408bd9c1f712d0",
            "route_table_id": "rtb-09c7e7acc9d84fa63",
            "subnet_id": "subnet-0e616e6c981588977"
          },
          "private": "bnVsbA==",
          "dependencies": [
            "module.vpc_mod.aws_internet_gateway.igw",
            "module.vpc_mod.aws_route_table.route_table",
            "module.vpc_mod.aws_subnet.private_subnet",
            "module.vpc_mod.aws_vpc.main_vpc"
          ]
        }
      ]
    },
    {
      "module": "module.vpc_mod",
      "mode": "managed",
      "type": "aws_route_table_association",
      "name": "public_subnet_association",
      "provider": "module.vpc_mod.provider[\"registry.terraform.io/hashicorp/aws\"]",
      "instances": [
        {
          "schema_version": 0,
          "attributes": {
            "gateway_id": null,
            "id": "rtbassoc-0bd97b74c4dc0326b",
            "route_table_id": "rtb-09c7e7acc9d84fa63",
            "subnet_id": "subnet-0b29905e35dafa556"
          },
          "private": "bnVsbA==",
          "dependencies": [
            "module.vpc_mod.aws_internet_gateway.igw",
            "module.vpc_mod.aws_route_table.route_table",
            "module.vpc_mod.aws_subnet.public_subnet",
            "module.vpc_mod.aws_vpc.main_vpc"
          ]
        }
      ]
    },
    {
      "module": "module.vpc_mod",
      "mode": "managed",
      "type": "aws_security_group",
      "name": "instance_sg",
      "provider": "module.vpc_mod.provider[\"registry.terraform.io/hashicorp/aws\"]",
      "instances": [
        {
          "schema_version": 1,
          "attributes": {
            "arn": "arn:aws:ec2:eu-west-1:874021699381:security-group/sg-00a7d7fecde497d89",
            "description": "Managed by Terraform",
            "egress": [
              {
                "cidr_blocks": [
                  "0.0.0.0/0"
                ],
                "description": "",
                "from_port": 0,
                "ipv6_cidr_blocks": [],
                "prefix_list_ids": [],
                "protocol": "-1",
                "security_groups": [],
                "self": false,
                "to_port": 0
              }
            ],
            "id": "sg-00a7d7fecde497d89",
            "ingress": [
              {
                "cidr_blocks": [
                  "0.0.0.0/0"
                ],
                "description": "",
                "from_port": 22,
                "ipv6_cidr_blocks": [],
                "prefix_list_ids": [],
                "protocol": "tcp",
                "security_groups": [],
                "self": false,
                "to_port": 22
              },
              {
                "cidr_blocks": [
                  "0.0.0.0/0"
                ],
                "description": "",
                "from_port": 3306,
                "ipv6_cidr_blocks": [],
                "prefix_list_ids": [],
                "protocol": "tcp",
                "security_groups": [],
                "self": false,
                "to_port": 3306
              },
              {
                "cidr_blocks": [
                  "0.0.0.0/0"
                ],
                "description": "",
                "from_port": 8080,
                "ipv6_cidr_blocks": [],
                "prefix_list_ids": [],
                "protocol": "tcp",
                "security_groups": [],
                "self": false,
                "to_port": 8080
              },
              {
                "cidr_blocks": [
                  "0.0.0.0/0"
                ],
                "description": "",
                "from_port": 80,
                "ipv6_cidr_blocks": [],
                "prefix_list_ids": [],
                "protocol": "tcp",
                "security_groups": [],
                "self": false,
                "to_port": 80
              }
            ],
            "name": "sg",
            "name_prefix": "",
            "owner_id": "874021699381",
            "revoke_rules_on_delete": false,
            "tags": null,
            "timeouts": null,
            "vpc_id": "vpc-004a7f9050320cb18"
          },
          "private": "eyJlMmJmYjczMC1lY2FhLTExZTYtOGY4OC0zNDM2M2JjN2M0YzAiOnsiY3JlYXRlIjo2MDAwMDAwMDAwMDAsImRlbGV0ZSI6NjAwMDAwMDAwMDAwfSwic2NoZW1hX3ZlcnNpb24iOiIxIn0=",
          "dependencies": [
            "module.vpc_mod.aws_vpc.main_vpc"
          ]
        }
      ]
    },
    {
      "module": "module.vpc_mod",
      "mode": "managed",
      "type": "aws_subnet",
      "name": "private_subnet",
      "provider": "module.vpc_mod.provider[\"registry.terraform.io/hashicorp/aws\"]",
      "instances": [
        {
          "schema_version": 1,
          "attributes": {
            "arn": "arn:aws:ec2:eu-west-1:874021699381:subnet/subnet-0e616e6c981588977",
            "assign_ipv6_address_on_creation": false,
            "availability_zone": "eu-west-1a",
            "availability_zone_id": "euw1-az2",
            "cidr_block": "10.0.8.0/24",
            "id": "subnet-0e616e6c981588977",
            "ipv6_cidr_block": "",
            "ipv6_cidr_block_association_id": "",
            "map_public_ip_on_launch": false,
            "outpost_arn": "",
            "owner_id": "874021699381",
            "tags": null,
            "timeouts": null,
            "vpc_id": "vpc-004a7f9050320cb18"
          },
          "private": "eyJlMmJmYjczMC1lY2FhLTExZTYtOGY4OC0zNDM2M2JjN2M0YzAiOnsiY3JlYXRlIjo2MDAwMDAwMDAwMDAsImRlbGV0ZSI6MTIwMDAwMDAwMDAwMH0sInNjaGVtYV92ZXJzaW9uIjoiMSJ9",
          "dependencies": [
            "module.vpc_mod.aws_vpc.main_vpc"
          ]
        }
      ]
    },
    {
      "module": "module.vpc_mod",
      "mode": "managed",
      "type": "aws_subnet",
      "name": "public_subnet",
      "provider": "module.vpc_mod.provider[\"registry.terraform.io/hashicorp/aws\"]",
      "instances": [
        {
          "schema_version": 1,
          "attributes": {
            "arn": "arn:aws:ec2:eu-west-1:874021699381:subnet/subnet-0b29905e35dafa556",
            "assign_ipv6_address_on_creation": false,
            "availability_zone": "eu-west-1b",
            "availability_zone_id": "euw1-az3",
            "cidr_block": "10.0.6.0/24",
            "id": "subnet-0b29905e35dafa556",
            "ipv6_cidr_block": "",
            "ipv6_cidr_block_association_id": "",
            "map_public_ip_on_launch": false,
            "outpost_arn": "",
            "owner_id": "874021699381",
            "tags": null,
            "timeouts": null,
            "vpc_id": "vpc-004a7f9050320cb18"
          },
          "private": "eyJlMmJmYjczMC1lY2FhLTExZTYtOGY4OC0zNDM2M2JjN2M0YzAiOnsiY3JlYXRlIjo2MDAwMDAwMDAwMDAsImRlbGV0ZSI6MTIwMDAwMDAwMDAwMH0sInNjaGVtYV92ZXJzaW9uIjoiMSJ9",
          "dependencies": [
            "module.vpc_mod.aws_vpc.main_vpc"
          ]
        }
      ]
    },
    {
      "module": "module.vpc_mod",
      "mode": "managed",
      "type": "aws_vpc",
      "name": "main_vpc",
      "provider": "module.vpc_mod.provider[\"registry.terraform.io/hashicorp/aws\"]",
      "instances": [
        {
          "schema_version": 1,
          "attributes": {
            "arn": "arn:aws:ec2:eu-west-1:874021699381:vpc/vpc-004a7f9050320cb18",
            "assign_generated_ipv6_cidr_block": false,
            "cidr_block": "10.0.0.0/16",
            "default_network_acl_id": "acl-00745e12da5b19fde",
            "default_route_table_id": "rtb-0f5c8dc948b531d9f",
            "default_security_group_id": "sg-0a315a41eed70e694",
            "dhcp_options_id": "dopt-69bc870f",
            "enable_classiclink": false,
            "enable_classiclink_dns_support": false,
            "enable_dns_hostnames": false,
            "enable_dns_support": true,
            "id": "vpc-004a7f9050320cb18",
            "instance_tenancy": "default",
            "ipv6_association_id": "",
            "ipv6_cidr_block": "",
            "main_route_table_id": "rtb-0f5c8dc948b531d9f",
            "owner_id": "874021699381",
            "tags": null
          },
          "private": "eyJzY2hlbWFfdmVyc2lvbiI6IjEifQ=="
        }
      ]
    }
  ]
}
